{
  "name": "Yup, im making a new app",
  "lockfileVersion": 3,
  "requires": true,
  "packages": {
    "": {
      "dependencies": {
        "multipart-mixed-parser": "^0.1.3"
      }
    },
    "node_modules/multipart-mixed-parser": {
      "version": "0.1.3",
      "resolved": "https://registry.npmjs.org/multipart-mixed-parser/-/multipart-mixed-parser-0.1.3.tgz",
      "integrity": "sha512-COcTMbbqpQnb36gLHir/SkYxq0sK6+A/0XSbDMVQIgwcY761oWzHg5GJV3BDrAPPRwLuK7W7Cb6v0OQcJGzajg=="
    }
  }
}
